
Microsoft Visual Studio Solution File, Format Version 12.00
# Visual Studio Version 17
VisualStudioVersion = 17.4.33122.133
MinimumVisualStudioVersion = 10.0.40219.1
Project("{FAE04EC0-301F-11D3-BF4B-00C04F79EFBC}") = "CourseProjectUpdated", "CourseProjectUpdated\CourseProjectUpdated.csproj", "{8CEDFA60-11CB-4C06-BBA1-C4C6F733FBC2}"
EndProject
Global
	GlobalSection(SolutionConfigurationPlatforms) = preSolution
		Debug|Any CPU = Debug|Any CPU
		Release|Any CPU = Release|Any CPU
	EndGlobalSection
	GlobalSection(ProjectConfigurationPlatforms) = postSolution
		{8CEDFA60-11CB-4C06-BBA1-C4C6F733FBC2}.Debug|Any CPU.ActiveCfg = Debug|Any CPU
		{8CEDFA60-11CB-4C06-BBA1-C4C6F733FBC2}.Debug|Any CPU.Build.0 = Debug|Any CPU
		{8CEDFA60-11CB-4C06-BBA1-C4C6F733FBC2}.Release|Any CPU.ActiveCfg = Release|Any CPU
		{8CEDFA60-11CB-4C06-BBA1-C4C6F733FBC2}.Release|Any CPU.Build.0 = Release|Any CPU
	EndGlobalSection
	GlobalSection(SolutionProperties) = preSolution
		HideSolutionNode = FALSE
	EndGlobalSection
	GlobalSection(ExtensibilityGlobals) = postSolution
		SolutionGuid = {94E9EAE8-5818-4B96-B86F-338410E134F8}
	EndGlobalSection
EndGlobal
